
Microsoft Visual Studio Solution File, Format Version 12.00
# Visual Studio Version 16
VisualStudioVersion = 16.0.29020.237
MinimumVisualStudioVersion = 10.0.40219.1
Project("{FAE04EC0-301F-11D3-BF4B-00C04F79EFBC}") = "BLE_try_client", "BLE_try_client\BLE_try_client.csproj", "{0C9B6B0F-246E-47D5-9FF4-715A91EA2576}"
EndProject
Global
	GlobalSection(SolutionConfigurationPlatforms) = preSolution
		Debug|Any CPU = Debug|Any CPU
		Release|Any CPU = Release|Any CPU
	EndGlobalSection
	GlobalSection(ProjectConfigurationPlatforms) = postSolution
		{0C9B6B0F-246E-47D5-9FF4-715A91EA2576}.Debug|Any CPU.ActiveCfg = Debug|Any CPU
		{0C9B6B0F-246E-47D5-9FF4-715A91EA2576}.Debug|Any CPU.Build.0 = Debug|Any CPU
		{0C9B6B0F-246E-47D5-9FF4-715A91EA2576}.Release|Any CPU.ActiveCfg = Release|Any CPU
		{0C9B6B0F-246E-47D5-9FF4-715A91EA2576}.Release|Any CPU.Build.0 = Release|Any CPU
	EndGlobalSection
	GlobalSection(SolutionProperties) = preSolution
		HideSolutionNode = FALSE
	EndGlobalSection
	GlobalSection(ExtensibilityGlobals) = postSolution
		SolutionGuid = {D6BDB766-DCF0-4B38-B94C-E1249BDB6023}
	EndGlobalSection
EndGlobal
